// !$*UTF8*$!
{
	archiveVersion = 1;
	classes = {
	};
	objectVersion = 48;
	objects = {

/* Begin PBXBuildFile section */
		1894466F20C925500072F190 /* AppDelegate.swift in Sources */ = {isa = PBXBuildFile; fileRef = 1894466E20C925500072F190 /* AppDelegate.swift */; };
		1894467120C925500072F190 /* ViewController.swift in Sources */ = {isa = PBXBuildFile; fileRef = 1894467020C925500072F190 /* ViewController.swift */; };
		1894467420C925500072F190 /* Main.storyboard in Resources */ = {isa = PBXBuildFile; fileRef = 1894467220C925500072F190 /* Main.storyboard */; };
		1894467620C925500072F190 /* Assets.xcassets in Resources */ = {isa = PBXBuildFile; fileRef = 1894467520C925500072F190 /* Assets.xcassets */; };
		1894467920C925500072F190 /* LaunchScreen.storyboard in Resources */ = {isa = PBXBuildFile; fileRef = 1894467720C925500072F190 /* LaunchScreen.storyboard */; };
		611BD883E515436792BA5AC5 /* Pods_Cypto_Price_Tracker.framework in Frameworks */ = {isa = PBXBuildFile; fileRef = F7D53582FAB562A3BF2F626B /* Pods_Cypto_Price_Tracker.framework */; };
/* End PBXBuildFile section */

/* Begin PBXFileReference section */
		1894466B20C925500072F190 /* Cypto Price Tracker.app */ = {isa = PBXFileReference; explicitFileType = wrapper.application; includeInIndex = 0; path = "Cypto Price Tracker.app"; sourceTree = BUILT_PRODUCTS_DIR; };
		1894466E20C925500072F190 /* AppDelegate.swift */ = {isa = PBXFileReference; lastKnownFileType = sourcecode.swift; path = AppDelegate.swift; sourceTree = "<group>"; };
		1894467020C925500072F190 /* ViewController.swift */ = {isa = PBXFileReference; lastKnownFileType = sourcecode.swift; path = ViewController.swift; sourceTree = "<group>"; };
		1894467320C925500072F190 /* Base */ = {isa = PBXFileReference; lastKnownFileType = file.storyboard; name = Base; path = Base.lproj/Main.storyboard; sourceTree = "<group>"; };
		1894467520C925500072F190 /* Assets.xcassets */ = {isa = PBXFileReference; lastKnownFileType = folder.assetcatalog; path = Assets.xcassets; sourceTree = "<group>"; };
		1894467820C925500072F190 /* Base */ = {isa = PBXFileReference; lastKnownFileType = file.storyboard; name = Base; path = Base.lproj/LaunchScreen.storyboard; sourceTree = "<group>"; };
		1894467A20C925500072F190 /* Info.plist */ = {isa = PBXFileReference; lastKnownFileType = text.plist.xml; path = Info.plist; sourceTree = "<group>"; };
		BD7A3EE0B98966BE0D1C9C4D /* Pods-Cypto Price Tracker.release.xcconfig */ = {isa = PBXFileReference; includeInIndex = 1; lastKnownFileType = text.xcconfig; name = "Pods-Cypto Price Tracker.release.xcconfig"; path = "Pods/Target Support Files/Pods-Cypto Price Tracker/Pods-Cypto Price Tracker.release.xcconfig"; sourceTree = "<group>"; };
		DD1FD8D61A8090E237488B22 /* Pods-Cypto Price Tracker.debug.xcconfig */ = {isa = PBXFileReference; includeInIndex = 1; lastKnownFileType = text.xcconfig; name = "Pods-Cypto Price Tracker.debug.xcconfig"; path = "Pods/Target Support Files/Pods-Cypto Price Tracker/Pods-Cypto Price Tracker.debug.xcconfig"; sourceTree = "<group>"; };
		F7D53582FAB562A3BF2F626B /* Pods_Cypto_Price_Tracker.framework */ = {isa = PBXFileReference; explicitFileType = wrapper.framework; includeInIndex = 0; path = Pods_Cypto_Price_Tracker.framework; sourceTree = BUILT_PRODUCTS_DIR; };
/* End PBXFileReference section */

/* Begin PBXFrameworksBuildPhase section */
		1894466820C9254F0072F190 /* Frameworks */ = {
			isa = PBXFrameworksBuildPhase;
			buildActionMask = 2147483647;
			files = (
				611BD883E515436792BA5AC5 /* Pods_Cypto_Price_Tracker.framework in Frameworks */,
			);
			runOnlyForDeploymentPostprocessing = 0;
		};
/* End PBXFrameworksBuildPhase section */

/* Begin PBXGroup section */
		1411BD47BA42AA1CAC8480E9 /* Frameworks */ = {
			isa = PBXGroup;
			children = (
				F7D53582FAB562A3BF2F626B /* Pods_Cypto_Price_Tracker.framework */,
			);
			name = Frameworks;
			sourceTree = "<group>";
		};
		1894466220C9254F0072F190 = {
			isa = PBXGroup;
			children = (
				1894466D20C925500072F190 /* Cypto Price Tracker */,
				1894466C20C925500072F190 /* Products */,
				68FA9CD88CDF33DBABDCB785 /* Pods */,
				1411BD47BA42AA1CAC8480E9 /* Frameworks */,
			);
			sourceTree = "<group>";
		};
		1894466C20C925500072F190 /* Products */ = {
			isa = PBXGroup;
			children = (
				1894466B20C925500072F190 /* Cypto Price Tracker.app */,
			);
			name = Products;
			sourceTree = "<group>";
		};
		1894466D20C925500072F190 /* Cypto Price Tracker */ = {
			isa = PBXGroup;
			children = (
				1894466E20C925500072F190 /* AppDelegate.swift */,
				1894467020C925500072F190 /* ViewController.swift */,
				1894467220C925500072F190 /* Main.storyboard */,
				1894467520C925500072F190 /* Assets.xcassets */,
				1894467720C925500072F190 /* LaunchScreen.storyboard */,
				1894467A20C925500072F190 /* Info.plist */,
			);
			path = "Cypto Price Tracker";
			sourceTree = "<group>";
		};
		68FA9CD88CDF33DBABDCB785 /* Pods */ = {
			isa = PBXGroup;
			children = (
				DD1FD8D61A8090E237488B22 /* Pods-Cypto Price Tracker.debug.xcconfig */,
				BD7A3EE0B98966BE0D1C9C4D /* Pods-Cypto Price Tracker.release.xcconfig */,
			);
			name = Pods;
			sourceTree = "<group>";
		};
/* End PBXGroup section */

/* Begin PBXNativeTarget section */
		1894466A20C9254F0072F190 /* Cypto Price Tracker */ = {
			isa = PBXNativeTarget;
			buildConfigurationList = 1894467D20C925500072F190 /* Build configuration list for PBXNativeTarget "Cypto Price Tracker" */;
			buildPhases = (
				B5246040590E67B38253BC38 /* [CP] Check Pods Manifest.lock */,
				1894466720C9254F0072F190 /* Sources */,
				1894466820C9254F0072F190 /* Frameworks */,
				1894466920C9254F0072F190 /* Resources */,
				C5AB308C5D64AD607D51A43B /* [CP] Embed Pods Frameworks */,
			);
			buildRules = (
			);
			dependencies = (
			);
			name = "Cypto Price Tracker";
			productName = "Cypto Price Tracker";
			productReference = 1894466B20C925500072F190 /* Cypto Price Tracker.app */;
			productType = "com.apple.product-type.application";
		};
/* End PBXNativeTarget section */

/* Begin PBXProject section */
		1894466320C9254F0072F190 /* Project object */ = {
			isa = PBXProject;
			attributes = {
				LastSwiftUpdateCheck = 0920;
				LastUpgradeCheck = 0920;
				ORGANIZATIONNAME = MustafaHussain;
				TargetAttributes = {
					1894466A20C9254F0072F190 = {
						CreatedOnToolsVersion = 9.2;
						ProvisioningStyle = Automatic;
					};
				};
			};
			buildConfigurationList = 1894466620C9254F0072F190 /* Build configuration list for PBXProject "Cypto Price Tracker" */;
			compatibilityVersion = "Xcode 8.0";
			developmentRegion = en;
			hasScannedForEncodings = 0;
			knownRegions = (
				en,
				Base,
			);
			mainGroup = 1894466220C9254F0072F190;
			productRefGroup = 1894466C20C925500072F190 /* Products */;
			projectDirPath = "";
			projectRoot = "";
			targets = (
				1894466A20C9254F0072F190 /* Cypto Price Tracker */,
			);
		};
/* End PBXProject section */

/* Begin PBXResourcesBuildPhase section */
		1894466920C9254F0072F190 /* Resources */ = {
			isa = PBXResourcesBuildPhase;
			buildActionMask = 2147483647;
			files = (
				1894467920C925500072F190 /* LaunchScreen.storyboard in Resources */,
				1894467620C925500072F190 /* Assets.xcassets in Resources */,
				1894467420C925500072F190 /* Main.storyboard in Resources */,
			);
			runOnlyForDeploymentPostprocessing = 0;
		};
/* End PBXResourcesBuildPhase section */

/* Begin PBXShellScriptBuildPhase section */
		B5246040590E67B38253BC38 /* [CP] Check Pods Manifest.lock */ = {
			isa = PBXShellScriptBuildPhase;
			buildActionMask = 2147483647;
			files = (
			);
			inputPaths = (
				"${PODS_PODFILE_DIR_PATH}/Podfile.lock",
				"${PODS_ROOT}/Manifest.lock",
			);
			name = "[CP] Check Pods Manifest.lock";
			outputPaths = (
				"$(DERIVED_FILE_DIR)/Pods-Cypto Price Tracker-checkManifestLockResult.txt",
			);
			runOnlyForDeploymentPostprocessing = 0;
			shellPath = /bin/sh;
			shellScript = "diff \"${PODS_PODFILE_DIR_PATH}/Podfile.lock\" \"${PODS_ROOT}/Manifest.lock\" > /dev/null\nif [ $? != 0 ] ; then\n    # print error to STDERR\n    echo \"error: The sandbox is not in sync with the Podfile.lock. Run 'pod install' or update your CocoaPods installation.\" >&2\n    exit 1\nfi\n# This output is used by Xcode 'outputs' to avoid re-running this script phase.\necho \"SUCCESS\" > \"${SCRIPT_OUTPUT_FILE_0}\"\n";
			showEnvVarsInLog = 0;
		};
		C5AB308C5D64AD607D51A43B /* [CP] Embed Pods Frameworks */ = {
			isa = PBXShellScriptBuildPhase;
			buildActionMask = 2147483647;
			files = (
			);
			inputPaths = (
				"${SRCROOT}/Pods/Target Support Files/Pods-Cypto Price Tracker/Pods-Cypto Price Tracker-frameworks.sh",
				"${BUILT_PRODUCTS_DIR}/Alamofire/Alamofire.framework",
				"${BUILT_PRODUCTS_DIR}/SwiftyJSON/SwiftyJSON.framework",
			);
			name = "[CP] Embed Pods Frameworks";
			outputPaths = (
				"${TARGET_BUILD_DIR}/${FRAMEWORKS_FOLDER_PATH}/Alamofire.framework",
				"${TARGET_BUILD_DIR}/${FRAMEWORKS_FOLDER_PATH}/SwiftyJSON.framework",
			);
			runOnlyForDeploymentPostprocessing = 0;
			shellPath = /bin/sh;
			shellScript = "\"${SRCROOT}/Pods/Target Support Files/Pods-Cypto Price Tracker/Pods-Cypto Price Tracker-frameworks.sh\"\n";
			showEnvVarsInLog = 0;
		};
/* End PBXShellScriptBuildPhase section */

/* Begin PBXSourcesBuildPhase section */
		1894466720C9254F0072F190 /* Sources */ = {
			isa = PBXSourcesBuildPhase;
			buildActionMask = 2147483647;
			files = (
				1894467120C925500072F190 /* ViewController.swift in Sources */,
				1894466F20C925500072F190 /* AppDelegate.swift in Sources */,
			);
			runOnlyForDeploymentPostprocessing = 0;
		};
/* End PBXSourcesBuildPhase section */

/* Begin PBXVariantGroup section */
		1894467220C925500072F190 /* Main.storyboard */ = {
			isa = PBXVariantGroup;
			children = (
				1894467320C925500072F190 /* Base */,
			);
			name = Main.storyboard;
			sourceTree = "<group>";
		};
		1894467720C925500072F190 /* LaunchScreen.storyboard */ = {
			isa = PBXVariantGroup;
			children = (
				1894467820C925500072F190 /* Base */,
			);
			name = LaunchScreen.storyboard;
			sourceTree = "<group>";
		};
/* End PBXVariantGroup section */

/* Begin XCBuildConfiguration section */
		1894467B20C925500072F190 /* Debug */ = {
			isa = XCBuildConfiguration;
			buildSettings = {
				ALWAYS_SEARCH_USER_PATHS = NO;
				CLANG_ANALYZER_NONNULL = YES;
				CLANG_ANALYZER_NUMBER_OBJECT_CONVERSION = YES_AGGRESSIVE;
				CLANG_CXX_LANGUAGE_STANDARD = "gnu++14";
				CLANG_CXX_LIBRARY = "libc++";
				CLANG_ENABLE_MODULES = YES;
				CLANG_ENABLE_OBJC_ARC = YES;
				CLANG_WARN_BLOCK_CAPTURE_AUTORELEASING = YES;
				CLANG_WARN_BOOL_CONVERSION = YES;
				CLANG_WARN_COMMA = YES;
				CLANG_WARN_CONSTANT_CONVERSION = YES;
				CLANG_WARN_DIRECT_OBJC_ISA_USAGE = YES_ERROR;
				CLANG_WARN_DOCUMENTATION_COMMENTS = YES;
				CLANG_WARN_EMPTY_BODY = YES;
				CLANG_WARN_ENUM_CONVERSION = YES;
				CLANG_WARN_INFINITE_RECURSION = YES;
				CLANG_WARN_INT_CONVERSION = YES;
				CLANG_WARN_NON_LITERAL_NULL_CONVERSION = YES;
				CLANG_WARN_OBJC_LITERAL_CONVERSION = YES;
				CLANG_WARN_OBJC_ROOT_CLASS = YES_ERROR;
				CLANG_WARN_RANGE_LOOP_ANALYSIS = YES;
				CLANG_WARN_STRICT_PROTOTYPES = YES;
				CLANG_WARN_SUSPICIOUS_MOVE = YES;
				CLANG_WARN_UNGUARDED_AVAILABILITY = YES_AGGRESSIVE;
				CLANG_WARN_UNREACHABLE_CODE = YES;
				CLANG_WARN__DUPLICATE_METHOD_MATCH = YES;
				CODE_SIGN_IDENTITY = "iPhone Developer";
				COPY_PHASE_STRIP = NO;
				DEBUG_INFORMATION_FORMAT = dwarf;
				ENABLE_STRICT_OBJC_MSGSEND = YES;
				ENABLE_TESTABILITY = YES;
				GCC_C_LANGUAGE_STANDARD = gnu11;
				GCC_DYNAMIC_NO_PIC = NO;
				GCC_NO_COMMON_BLOCKS = YES;
				GCC_OPTIMIZATION_LEVEL = 0;
				GCC_PREPROCESSOR_DEFINITIONS = (
					"DEBUG=1",
					"$(inherited)",
				);
				GCC_WARN_64_TO_32_BIT_CONVERSION = YES;
				GCC_WARN_ABOUT_RETURN_TYPE = YES_ERROR;
				GCC_WARN_UNDECLARED_SELECTOR = YES;
				GCC_WARN_UNINITIALIZED_AUTOS = YES_AGGRESSIVE;
				GCC_WARN_UNUSED_FUNCTION = YES;
				GCC_WARN_UNUSED_VARIABLE = YES;
				IPHONEOS_DEPLOYMENT_TARGET = 11.2;
				MTL_ENABLE_DEBUG_INFO = YES;
				ONLY_ACTIVE_ARCH = YES;
				SDKROOT = iphoneos;
				SWIFT_ACTIVE_COMPILATION_CONDITIONS = DEBUG;
				SWIFT_OPTIMIZATION_LEVEL = "-Onone";
			};
			name = Debug;
		};
		1894467C20C925500072F190 /* Release */ = {
			isa = XCBuildConfiguration;
			buildSettings = {
				ALWAYS_SEARCH_USER_PATHS = NO;
				CLANG_ANALYZER_NONNULL = YES;
				CLANG_ANALYZER_NUMBER_OBJECT_CONVERSION = YES_AGGRESSIVE;
				CLANG_CXX_LANGUAGE_STANDARD = "gnu++14";
				CLANG_CXX_LIBRARY = "libc++";
				CLANG_ENABLE_MODULES = YES;
				CLANG_ENABLE_OBJC_ARC = YES;
				CLANG_WARN_BLOCK_CAPTURE_AUTORELEASING = YES;
				CLANG_WARN_BOOL_CONVERSION = YES;
				CLANG_WARN_COMMA = YES;
				CLANG_WARN_CONSTANT_CONVERSION = YES;
				CLANG_WARN_DIRECT_OBJC_ISA_USAGE = YES_ERROR;
				CLANG_WARN_DOCUMENTATION_COMMENTS = YES;
				CLANG_WARN_EMPTY_BODY = YES;
				CLANG_WARN_ENUM_CONVERSION = YES;
				CLANG_WARN_INFINITE_RECURSION = YES;
				CLANG_WARN_INT_CONVERSION = YES;
				CLANG_WARN_NON_LITERAL_NULL_CONVERSION = YES;
				CLANG_WARN_OBJC_LITERAL_CONVERSION = YES;
				CLANG_WARN_OBJC_ROOT_CLASS = YES_ERROR;
				CLANG_WARN_RANGE_LOOP_ANALYSIS = YES;
				CLANG_WARN_STRICT_PROTOTYPES = YES;
				CLANG_WARN_SUSPICIOUS_MOVE = YES;
				CLANG_WARN_UNGUARDED_AVAILABILITY = YES_AGGRESSIVE;
				CLANG_WARN_UNREACHABLE_CODE = YES;
				CLANG_WARN__DUPLICATE_METHOD_MATCH = YES;
				CODE_SIGN_IDENTITY = "iPhone Developer";
				COPY_PHASE_STRIP = NO;
				DEBUG_INFORMATION_FORMAT = "dwarf-with-dsym";
				ENABLE_NS_ASSERTIONS = NO;
				ENABLE_STRICT_OBJC_MSGSEND = YES;
				GCC_C_LANGUAGE_STANDARD = gnu11;
				GCC_NO_COMMON_BLOCKS = YES;
				GCC_WARN_64_TO_32_BIT_CONVERSION = YES;
				GCC_WARN_ABOUT_RETURN_TYPE = YES_ERROR;
				GCC_WARN_UNDECLARED_SELECTOR = YES;
				GCC_WARN_UNINITIALIZED_AUTOS = YES_AGGRESSIVE;
				GCC_WARN_UNUSED_FUNCTION = YES;
				GCC_WARN_UNUSED_VARIABLE = YES;
				IPHONEOS_DEPLOYMENT_TARGET = 11.2;
				MTL_ENABLE_DEBUG_INFO = NO;
				SDKROOT = iphoneos;
				SWIFT_OPTIMIZATION_LEVEL = "-Owholemodule";
				VALIDATE_PRODUCT = YES;
			};
			name = Release;
		};
		1894467E20C925500072F190 /* Debug */ = {
			isa = XCBuildConfiguration;
			baseConfigurationReference = DD1FD8D61A8090E237488B22 /* Pods-Cypto Price Tracker.debug.xcconfig */;
			buildSettings = {
				ASSETCATALOG_COMPILER_APPICON_NAME = AppIcon;
				CODE_SIGN_STYLE = Automatic;
				INFOPLIST_FILE = "Cypto Price Tracker/Info.plist";
				LD_RUNPATH_SEARCH_PATHS = "$(inherited) @executable_path/Frameworks";
				PRODUCT_BUNDLE_IDENTIFIER = "com.MustafaHussain.Cypto-Price-Tracker";
				PRODUCT_NAME = "$(TARGET_NAME)";
				SWIFT_VERSION = 4.0;
				TARGETED_DEVICE_FAMILY = "1,2";
			};
			name = Debug;
		};
		1894467F20C925500072F190 /* Release */ = {
			isa = XCBuildConfiguration;
			baseConfigurationReference = BD7A3EE0B98966BE0D1C9C4D /* Pods-Cypto Price Tracker.release.xcconfig */;
			buildSettings = {
				ASSETCATALOG_COMPILER_APPICON_NAME = AppIcon;
				CODE_SIGN_STYLE = Automatic;
				INFOPLIST_FILE = "Cypto Price Tracker/Info.plist";
				LD_RUNPATH_SEARCH_PATHS = "$(inherited) @executable_path/Frameworks";
				PRODUCT_BUNDLE_IDENTIFIER = "com.MustafaHussain.Cypto-Price-Tracker";
				PRODUCT_NAME = "$(TARGET_NAME)";
				SWIFT_VERSION = 4.0;
				TARGETED_DEVICE_FAMILY = "1,2";
			};
			name = Release;
		};
/* End XCBuildConfiguration section */

/* Begin XCConfigurationList section */
		1894466620C9254F0072F190 /* Build configuration list for PBXProject "Cypto Price Tracker" */ = {
			isa = XCConfigurationList;
			buildConfigurations = (
				1894467B20C925500072F190 /* Debug */,
				1894467C20C925500072F190 /* Release */,
			);
			defaultConfigurationIsVisible = 0;
			defaultConfigurationName = Release;
		};
		1894467D20C925500072F190 /* Build configuration list for PBXNativeTarget "Cypto Price Tracker" */ = {
			isa = XCConfigurationList;
			buildConfigurations = (
				1894467E20C925500072F190 /* Debug */,
				1894467F20C925500072F190 /* Release */,
			);
			defaultConfigurationIsVisible = 0;
			defaultConfigurationName = Release;
		};
/* End XCConfigurationList section */
	};
	rootObject = 1894466320C9254F0072F190 /* Project object */;
}
